
Microsoft Visual Studio Solution File, Format Version 12.00
# Visual Studio Version 17
VisualStudioVersion = 17.3.32922.545
MinimumVisualStudioVersion = 10.0.40219.1
Project("{8BC9CEB8-8B4A-11D0-8D11-00A0C91BC942}") = "opencv1", "opencv1\opencv1.vcxproj", "{44C2A639-92CB-4176-B471-F8FFF48310A8}"
EndProject
Global
	GlobalSection(SolutionConfigurationPlatforms) = preSolution
		Debug|x64 = Debug|x64
		Debug|x86 = Debug|x86
		Release|x64 = Release|x64
		Release|x86 = Release|x86
	EndGlobalSection
	GlobalSection(ProjectConfigurationPlatforms) = postSolution
		{44C2A639-92CB-4176-B471-F8FFF48310A8}.Debug|x64.ActiveCfg = Debug|x64
		{44C2A639-92CB-4176-B471-F8FFF48310A8}.Debug|x64.Build.0 = Debug|x64
		{44C2A639-92CB-4176-B471-F8FFF48310A8}.Debug|x86.ActiveCfg = Debug|Win32
		{44C2A639-92CB-4176-B471-F8FFF48310A8}.Debug|x86.Build.0 = Debug|Win32
		{44C2A639-92CB-4176-B471-F8FFF48310A8}.Release|x64.ActiveCfg = Release|x64
		{44C2A639-92CB-4176-B471-F8FFF48310A8}.Release|x64.Build.0 = Release|x64
		{44C2A639-92CB-4176-B471-F8FFF48310A8}.Release|x86.ActiveCfg = Release|Win32
		{44C2A639-92CB-4176-B471-F8FFF48310A8}.Release|x86.Build.0 = Release|Win32
	EndGlobalSection
	GlobalSection(SolutionProperties) = preSolution
		HideSolutionNode = FALSE
	EndGlobalSection
	GlobalSection(ExtensibilityGlobals) = postSolution
		SolutionGuid = {80750AAB-D723-4C7C-A99F-441CCC074758}
	EndGlobalSection
EndGlobal
